
Microsoft Visual Studio Solution File, Format Version 12.00
# Visual Studio Version 17
VisualStudioVersion = 17.2.32616.157
MinimumVisualStudioVersion = 10.0.40219.1
Project("{FAE04EC0-301F-11D3-BF4B-00C04F79EFBC}") = "Bank Management System", "Bank Management System.csproj", "{724EBD5E-A90E-4242-9FC0-85F9C70E0F06}"
EndProject
Global
	GlobalSection(SolutionConfigurationPlatforms) = preSolution
		Debug|Any CPU = Debug|Any CPU
		Release|Any CPU = Release|Any CPU
	EndGlobalSection
	GlobalSection(ProjectConfigurationPlatforms) = postSolution
		{724EBD5E-A90E-4242-9FC0-85F9C70E0F06}.Debug|Any CPU.ActiveCfg = Debug|Any CPU
		{724EBD5E-A90E-4242-9FC0-85F9C70E0F06}.Debug|Any CPU.Build.0 = Debug|Any CPU
		{724EBD5E-A90E-4242-9FC0-85F9C70E0F06}.Release|Any CPU.ActiveCfg = Release|Any CPU
		{724EBD5E-A90E-4242-9FC0-85F9C70E0F06}.Release|Any CPU.Build.0 = Release|Any CPU
	EndGlobalSection
	GlobalSection(SolutionProperties) = preSolution
		HideSolutionNode = FALSE
	EndGlobalSection
	GlobalSection(ExtensibilityGlobals) = postSolution
		SolutionGuid = {0C74B116-146B-4258-BE6B-59A9014648C4}
	EndGlobalSection
EndGlobal
